
Microsoft Visual Studio Solution File, Format Version 12.00
# Visual Studio 15
VisualStudioVersion = 15.0.28307.136
MinimumVisualStudioVersion = 10.0.40219.1
Project("{FAE04EC0-301F-11D3-BF4B-00C04F79EFBC}") = "multidigit arithmetic", "multidigit arithmetic\multidigit arithmetic.csproj", "{140C5147-26E9-4FBB-A372-D1A779B6EE9D}"
EndProject
Global
	GlobalSection(SolutionConfigurationPlatforms) = preSolution
		Debug|Any CPU = Debug|Any CPU
		Release|Any CPU = Release|Any CPU
	EndGlobalSection
	GlobalSection(ProjectConfigurationPlatforms) = postSolution
		{140C5147-26E9-4FBB-A372-D1A779B6EE9D}.Debug|Any CPU.ActiveCfg = Debug|Any CPU
		{140C5147-26E9-4FBB-A372-D1A779B6EE9D}.Debug|Any CPU.Build.0 = Debug|Any CPU
		{140C5147-26E9-4FBB-A372-D1A779B6EE9D}.Release|Any CPU.ActiveCfg = Release|Any CPU
		{140C5147-26E9-4FBB-A372-D1A779B6EE9D}.Release|Any CPU.Build.0 = Release|Any CPU
	EndGlobalSection
	GlobalSection(SolutionProperties) = preSolution
		HideSolutionNode = FALSE
	EndGlobalSection
	GlobalSection(ExtensibilityGlobals) = postSolution
		SolutionGuid = {7B7B3E2B-CF1A-4B0A-A8E8-C0972D7CFDDE}
	EndGlobalSection
EndGlobal
